// !$*UTF8*$!
{
	archiveVersion = 1;
	classes = {
	};
	objectVersion = 46;
	objects = {

/* Begin PBXBuildFile section */
		684624351C8E2BF20035F0A7 /* main.m in Sources */ = {isa = PBXBuildFile; fileRef = 684624341C8E2BF20035F0A7 /* main.m */; };
		684624381C8E2BF20035F0A7 /* AppDelegate.m in Sources */ = {isa = PBXBuildFile; fileRef = 684624371C8E2BF20035F0A7 /* AppDelegate.m */; };
		684624401C8E2BF20035F0A7 /* Assets.xcassets in Resources */ = {isa = PBXBuildFile; fileRef = 6846243F1C8E2BF20035F0A7 /* Assets.xcassets */; };
		684624431C8E2BF20035F0A7 /* LaunchScreen.storyboard in Resources */ = {isa = PBXBuildFile; fileRef = 684624411C8E2BF20035F0A7 /* LaunchScreen.storyboard */; };
		6846244E1C8E2BF20035F0A7 /* CustomUITests.m in Sources */ = {isa = PBXBuildFile; fileRef = 6846244D1C8E2BF20035F0A7 /* CustomUITests.m */; };
		684624591C8E2BF20035F0A7 /* CustomUIUITests.m in Sources */ = {isa = PBXBuildFile; fileRef = 684624581C8E2BF20035F0A7 /* CustomUIUITests.m */; };
		684624681C8E2CC00035F0A7 /* CustomUIViewController.m in Sources */ = {isa = PBXBuildFile; fileRef = 684624671C8E2CC00035F0A7 /* CustomUIViewController.m */; };
		6846246C1C8E2D460035F0A7 /* NSLayoutConstraint+convenience.m in Sources */ = {isa = PBXBuildFile; fileRef = 6846246B1C8E2D460035F0A7 /* NSLayoutConstraint+convenience.m */; };
		684624721C8E30EA0035F0A7 /* CommonViews.m in Sources */ = {isa = PBXBuildFile; fileRef = 684624711C8E30EA0035F0A7 /* CommonViews.m */; };
		684624781C8F35AB0035F0A7 /* LabelWithCircle.m in Sources */ = {isa = PBXBuildFile; fileRef = 684624771C8F35AB0035F0A7 /* LabelWithCircle.m */; };
		68DE34271C8F57B200FE68C2 /* WZCheckBox.m in Sources */ = {isa = PBXBuildFile; fileRef = 68DE34261C8F57B200FE68C2 /* WZCheckBox.m */; };
		68DE342F1C8F588700FE68C2 /* CheckBox-unselected.png in Resources */ = {isa = PBXBuildFile; fileRef = 68DE34291C8F588700FE68C2 /* CheckBox-unselected.png */; };
		68DE34301C8F588700FE68C2 /* CheckBox.png in Resources */ = {isa = PBXBuildFile; fileRef = 68DE342A1C8F588700FE68C2 /* CheckBox.png */; };
		68DE34311C8F588700FE68C2 /* Close-small.png in Resources */ = {isa = PBXBuildFile; fileRef = 68DE342B1C8F588700FE68C2 /* Close-small.png */; };
		68DE34321C8F588700FE68C2 /* Close.png in Resources */ = {isa = PBXBuildFile; fileRef = 68DE342C1C8F588700FE68C2 /* Close.png */; };
		68DE34331C8F588700FE68C2 /* Star-grey.png in Resources */ = {isa = PBXBuildFile; fileRef = 68DE342D1C8F588700FE68C2 /* Star-grey.png */; };
		68DE34341C8F588700FE68C2 /* Star-red.png in Resources */ = {isa = PBXBuildFile; fileRef = 68DE342E1C8F588700FE68C2 /* Star-red.png */; };
		68DE34371C8F58C500FE68C2 /* ListView-unselected.png in Resources */ = {isa = PBXBuildFile; fileRef = 68DE34351C8F58C500FE68C2 /* ListView-unselected.png */; };
		68DE34381C8F58C500FE68C2 /* ListView.png in Resources */ = {isa = PBXBuildFile; fileRef = 68DE34361C8F58C500FE68C2 /* ListView.png */; };
		68DE343B1C8F58D500FE68C2 /* Add.png in Resources */ = {isa = PBXBuildFile; fileRef = 68DE34391C8F58D500FE68C2 /* Add.png */; };
		68DE343C1C8F58D500FE68C2 /* Minus.png in Resources */ = {isa = PBXBuildFile; fileRef = 68DE343A1C8F58D500FE68C2 /* Minus.png */; };
/* End PBXBuildFile section */

/* Begin PBXContainerItemProxy section */
		6846244A1C8E2BF20035F0A7 /* PBXContainerItemProxy */ = {
			isa = PBXContainerItemProxy;
			containerPortal = 684624281C8E2BF20035F0A7 /* Project object */;
			proxyType = 1;
			remoteGlobalIDString = 6846242F1C8E2BF20035F0A7;
			remoteInfo = CustomUI;
		};
		684624551C8E2BF20035F0A7 /* PBXContainerItemProxy */ = {
			isa = PBXContainerItemProxy;
			containerPortal = 684624281C8E2BF20035F0A7 /* Project object */;
			proxyType = 1;
			remoteGlobalIDString = 6846242F1C8E2BF20035F0A7;
			remoteInfo = CustomUI;
		};
/* End PBXContainerItemProxy section */

/* Begin PBXFileReference section */
		684624301C8E2BF20035F0A7 /* CustomUI.app */ = {isa = PBXFileReference; explicitFileType = wrapper.application; includeInIndex = 0; path = CustomUI.app; sourceTree = BUILT_PRODUCTS_DIR; };
		684624341C8E2BF20035F0A7 /* main.m */ = {isa = PBXFileReference; lastKnownFileType = sourcecode.c.objc; path = main.m; sourceTree = "<group>"; };
		684624361C8E2BF20035F0A7 /* AppDelegate.h */ = {isa = PBXFileReference; lastKnownFileType = sourcecode.c.h; path = AppDelegate.h; sourceTree = "<group>"; };
		684624371C8E2BF20035F0A7 /* AppDelegate.m */ = {isa = PBXFileReference; lastKnownFileType = sourcecode.c.objc; path = AppDelegate.m; sourceTree = "<group>"; };
		6846243F1C8E2BF20035F0A7 /* Assets.xcassets */ = {isa = PBXFileReference; lastKnownFileType = folder.assetcatalog; path = Assets.xcassets; sourceTree = "<group>"; };
		684624421C8E2BF20035F0A7 /* Base */ = {isa = PBXFileReference; lastKnownFileType = file.storyboard; name = Base; path = Base.lproj/LaunchScreen.storyboard; sourceTree = "<group>"; };
		684624441C8E2BF20035F0A7 /* Info.plist */ = {isa = PBXFileReference; lastKnownFileType = text.plist.xml; path = Info.plist; sourceTree = "<group>"; };
		684624491C8E2BF20035F0A7 /* CustomUITests.xctest */ = {isa = PBXFileReference; explicitFileType = wrapper.cfbundle; includeInIndex = 0; path = CustomUITests.xctest; sourceTree = BUILT_PRODUCTS_DIR; };
		6846244D1C8E2BF20035F0A7 /* CustomUITests.m */ = {isa = PBXFileReference; lastKnownFileType = sourcecode.c.objc; path = CustomUITests.m; sourceTree = "<group>"; };
		6846244F1C8E2BF20035F0A7 /* Info.plist */ = {isa = PBXFileReference; lastKnownFileType = text.plist.xml; path = Info.plist; sourceTree = "<group>"; };
		684624541C8E2BF20035F0A7 /* CustomUIUITests.xctest */ = {isa = PBXFileReference; explicitFileType = wrapper.cfbundle; includeInIndex = 0; path = CustomUIUITests.xctest; sourceTree = BUILT_PRODUCTS_DIR; };
		684624581C8E2BF20035F0A7 /* CustomUIUITests.m */ = {isa = PBXFileReference; lastKnownFileType = sourcecode.c.objc; path = CustomUIUITests.m; sourceTree = "<group>"; };
		6846245A1C8E2BF20035F0A7 /* Info.plist */ = {isa = PBXFileReference; lastKnownFileType = text.plist.xml; path = Info.plist; sourceTree = "<group>"; };
		684624661C8E2CC00035F0A7 /* CustomUIViewController.h */ = {isa = PBXFileReference; fileEncoding = 4; lastKnownFileType = sourcecode.c.h; path = CustomUIViewController.h; sourceTree = "<group>"; };
		684624671C8E2CC00035F0A7 /* CustomUIViewController.m */ = {isa = PBXFileReference; fileEncoding = 4; lastKnownFileType = sourcecode.c.objc; path = CustomUIViewController.m; sourceTree = "<group>"; };
		6846246A1C8E2D460035F0A7 /* NSLayoutConstraint+convenience.h */ = {isa = PBXFileReference; fileEncoding = 4; lastKnownFileType = sourcecode.c.h; path = "NSLayoutConstraint+convenience.h"; sourceTree = "<group>"; };
		6846246B1C8E2D460035F0A7 /* NSLayoutConstraint+convenience.m */ = {isa = PBXFileReference; fileEncoding = 4; lastKnownFileType = sourcecode.c.objc; path = "NSLayoutConstraint+convenience.m"; sourceTree = "<group>"; };
		684624701C8E30EA0035F0A7 /* CommonViews.h */ = {isa = PBXFileReference; fileEncoding = 4; lastKnownFileType = sourcecode.c.h; path = CommonViews.h; sourceTree = "<group>"; };
		684624711C8E30EA0035F0A7 /* CommonViews.m */ = {isa = PBXFileReference; fileEncoding = 4; lastKnownFileType = sourcecode.c.objc; path = CommonViews.m; sourceTree = "<group>"; };
		684624761C8F35AB0035F0A7 /* LabelWithCircle.h */ = {isa = PBXFileReference; fileEncoding = 4; lastKnownFileType = sourcecode.c.h; path = LabelWithCircle.h; sourceTree = "<group>"; };
		684624771C8F35AB0035F0A7 /* LabelWithCircle.m */ = {isa = PBXFileReference; fileEncoding = 4; lastKnownFileType = sourcecode.c.objc; path = LabelWithCircle.m; sourceTree = "<group>"; };
		68DE34251C8F57B200FE68C2 /* WZCheckBox.h */ = {isa = PBXFileReference; fileEncoding = 4; lastKnownFileType = sourcecode.c.h; path = WZCheckBox.h; sourceTree = "<group>"; };
		68DE34261C8F57B200FE68C2 /* WZCheckBox.m */ = {isa = PBXFileReference; fileEncoding = 4; lastKnownFileType = sourcecode.c.objc; path = WZCheckBox.m; sourceTree = "<group>"; };
		68DE34291C8F588700FE68C2 /* CheckBox-unselected.png */ = {isa = PBXFileReference; lastKnownFileType = image.png; path = "CheckBox-unselected.png"; sourceTree = "<group>"; };
		68DE342A1C8F588700FE68C2 /* CheckBox.png */ = {isa = PBXFileReference; lastKnownFileType = image.png; path = CheckBox.png; sourceTree = "<group>"; };
		68DE342B1C8F588700FE68C2 /* Close-small.png */ = {isa = PBXFileReference; lastKnownFileType = image.png; path = "Close-small.png"; sourceTree = "<group>"; };
		68DE342C1C8F588700FE68C2 /* Close.png */ = {isa = PBXFileReference; lastKnownFileType = image.png; path = Close.png; sourceTree = "<group>"; };
		68DE342D1C8F588700FE68C2 /* Star-grey.png */ = {isa = PBXFileReference; lastKnownFileType = image.png; path = "Star-grey.png"; sourceTree = "<group>"; };
		68DE342E1C8F588700FE68C2 /* Star-red.png */ = {isa = PBXFileReference; lastKnownFileType = image.png; path = "Star-red.png"; sourceTree = "<group>"; };
		68DE34351C8F58C500FE68C2 /* ListView-unselected.png */ = {isa = PBXFileReference; lastKnownFileType = image.png; path = "ListView-unselected.png"; sourceTree = "<group>"; };
		68DE34361C8F58C500FE68C2 /* ListView.png */ = {isa = PBXFileReference; lastKnownFileType = image.png; path = ListView.png; sourceTree = "<group>"; };
		68DE34391C8F58D500FE68C2 /* Add.png */ = {isa = PBXFileReference; lastKnownFileType = image.png; path = Add.png; sourceTree = "<group>"; };
		68DE343A1C8F58D500FE68C2 /* Minus.png */ = {isa = PBXFileReference; lastKnownFileType = image.png; path = Minus.png; sourceTree = "<group>"; };
/* End PBXFileReference section */

/* Begin PBXFrameworksBuildPhase section */
		6846242D1C8E2BF20035F0A7 /* Frameworks */ = {
			isa = PBXFrameworksBuildPhase;
			buildActionMask = 2147483647;
			files = (
			);
			runOnlyForDeploymentPostprocessing = 0;
		};
		684624461C8E2BF20035F0A7 /* Frameworks */ = {
			isa = PBXFrameworksBuildPhase;
			buildActionMask = 2147483647;
			files = (
			);
			runOnlyForDeploymentPostprocessing = 0;
		};
		684624511C8E2BF20035F0A7 /* Frameworks */ = {
			isa = PBXFrameworksBuildPhase;
			buildActionMask = 2147483647;
			files = (
			);
			runOnlyForDeploymentPostprocessing = 0;
		};
/* End PBXFrameworksBuildPhase section */

/* Begin PBXGroup section */
		684624271C8E2BF20035F0A7 = {
			isa = PBXGroup;
			children = (
				684624321C8E2BF20035F0A7 /* CustomUI */,
				6846244C1C8E2BF20035F0A7 /* CustomUITests */,
				684624571C8E2BF20035F0A7 /* CustomUIUITests */,
				684624311C8E2BF20035F0A7 /* Products */,
			);
			sourceTree = "<group>";
		};
		684624311C8E2BF20035F0A7 /* Products */ = {
			isa = PBXGroup;
			children = (
				684624301C8E2BF20035F0A7 /* CustomUI.app */,
				684624491C8E2BF20035F0A7 /* CustomUITests.xctest */,
				684624541C8E2BF20035F0A7 /* CustomUIUITests.xctest */,
			);
			name = Products;
			sourceTree = "<group>";
		};
		684624321C8E2BF20035F0A7 /* CustomUI */ = {
			isa = PBXGroup;
			children = (
				684624691C8E2D2F0035F0A7 /* Utility */,
				684624361C8E2BF20035F0A7 /* AppDelegate.h */,
				684624371C8E2BF20035F0A7 /* AppDelegate.m */,
				684624761C8F35AB0035F0A7 /* LabelWithCircle.h */,
				684624771C8F35AB0035F0A7 /* LabelWithCircle.m */,
				68DE34251C8F57B200FE68C2 /* WZCheckBox.h */,
				68DE34261C8F57B200FE68C2 /* WZCheckBox.m */,
				684624661C8E2CC00035F0A7 /* CustomUIViewController.h */,
				684624671C8E2CC00035F0A7 /* CustomUIViewController.m */,
				6846243F1C8E2BF20035F0A7 /* Assets.xcassets */,
				684624411C8E2BF20035F0A7 /* LaunchScreen.storyboard */,
				684624441C8E2BF20035F0A7 /* Info.plist */,
				684624331C8E2BF20035F0A7 /* Supporting Files */,
			);
			path = CustomUI;
			sourceTree = "<group>";
		};
		684624331C8E2BF20035F0A7 /* Supporting Files */ = {
			isa = PBXGroup;
			children = (
				684624341C8E2BF20035F0A7 /* main.m */,
			);
			name = "Supporting Files";
			sourceTree = "<group>";
		};
		6846244C1C8E2BF20035F0A7 /* CustomUITests */ = {
			isa = PBXGroup;
			children = (
				6846244D1C8E2BF20035F0A7 /* CustomUITests.m */,
				6846244F1C8E2BF20035F0A7 /* Info.plist */,
			);
			path = CustomUITests;
			sourceTree = "<group>";
		};
		684624571C8E2BF20035F0A7 /* CustomUIUITests */ = {
			isa = PBXGroup;
			children = (
				684624581C8E2BF20035F0A7 /* CustomUIUITests.m */,
				6846245A1C8E2BF20035F0A7 /* Info.plist */,
			);
			path = CustomUIUITests;
			sourceTree = "<group>";
		};
		684624691C8E2D2F0035F0A7 /* Utility */ = {
			isa = PBXGroup;
			children = (
				6846246A1C8E2D460035F0A7 /* NSLayoutConstraint+convenience.h */,
				6846246B1C8E2D460035F0A7 /* NSLayoutConstraint+convenience.m */,
				684624701C8E30EA0035F0A7 /* CommonViews.h */,
				684624711C8E30EA0035F0A7 /* CommonViews.m */,
				68DE34281C8F585300FE68C2 /* Images */,
			);
			path = Utility;
			sourceTree = "<group>";
		};
		68DE34281C8F585300FE68C2 /* Images */ = {
			isa = PBXGroup;
			children = (
				68DE34391C8F58D500FE68C2 /* Add.png */,
				68DE343A1C8F58D500FE68C2 /* Minus.png */,
				68DE34351C8F58C500FE68C2 /* ListView-unselected.png */,
				68DE34361C8F58C500FE68C2 /* ListView.png */,
				68DE34291C8F588700FE68C2 /* CheckBox-unselected.png */,
				68DE342A1C8F588700FE68C2 /* CheckBox.png */,
				68DE342B1C8F588700FE68C2 /* Close-small.png */,
				68DE342C1C8F588700FE68C2 /* Close.png */,
				68DE342D1C8F588700FE68C2 /* Star-grey.png */,
				68DE342E1C8F588700FE68C2 /* Star-red.png */,
			);
			path = Images;
			sourceTree = "<group>";
		};
/* End PBXGroup section */

/* Begin PBXNativeTarget section */
		6846242F1C8E2BF20035F0A7 /* CustomUI */ = {
			isa = PBXNativeTarget;
			buildConfigurationList = 6846245D1C8E2BF20035F0A7 /* Build configuration list for PBXNativeTarget "CustomUI" */;
			buildPhases = (
				6846242C1C8E2BF20035F0A7 /* Sources */,
				6846242D1C8E2BF20035F0A7 /* Frameworks */,
				6846242E1C8E2BF20035F0A7 /* Resources */,
			);
			buildRules = (
			);
			dependencies = (
			);
			name = CustomUI;
			productName = CustomUI;
			productReference = 684624301C8E2BF20035F0A7 /* CustomUI.app */;
			productType = "com.apple.product-type.application";
		};
		684624481C8E2BF20035F0A7 /* CustomUITests */ = {
			isa = PBXNativeTarget;
			buildConfigurationList = 684624601C8E2BF20035F0A7 /* Build configuration list for PBXNativeTarget "CustomUITests" */;
			buildPhases = (
				684624451C8E2BF20035F0A7 /* Sources */,
				684624461C8E2BF20035F0A7 /* Frameworks */,
				684624471C8E2BF20035F0A7 /* Resources */,
			);
			buildRules = (
			);
			dependencies = (
				6846244B1C8E2BF20035F0A7 /* PBXTargetDependency */,
			);
			name = CustomUITests;
			productName = CustomUITests;
			productReference = 684624491C8E2BF20035F0A7 /* CustomUITests.xctest */;
			productType = "com.apple.product-type.bundle.unit-test";
		};
		684624531C8E2BF20035F0A7 /* CustomUIUITests */ = {
			isa = PBXNativeTarget;
			buildConfigurationList = 684624631C8E2BF20035F0A7 /* Build configuration list for PBXNativeTarget "CustomUIUITests" */;
			buildPhases = (
				684624501C8E2BF20035F0A7 /* Sources */,
				684624511C8E2BF20035F0A7 /* Frameworks */,
				684624521C8E2BF20035F0A7 /* Resources */,
			);
			buildRules = (
			);
			dependencies = (
				684624561C8E2BF20035F0A7 /* PBXTargetDependency */,
			);
			name = CustomUIUITests;
			productName = CustomUIUITests;
			productReference = 684624541C8E2BF20035F0A7 /* CustomUIUITests.xctest */;
			productType = "com.apple.product-type.bundle.ui-testing";
		};
/* End PBXNativeTarget section */

/* Begin PBXProject section */
		684624281C8E2BF20035F0A7 /* Project object */ = {
			isa = PBXProject;
			attributes = {
				LastUpgradeCheck = 0720;
				ORGANIZATIONNAME = "wei zhang";
				TargetAttributes = {
					6846242F1C8E2BF20035F0A7 = {
						CreatedOnToolsVersion = 7.2;
						DevelopmentTeam = TRV2MP5LUD;
					};
					684624481C8E2BF20035F0A7 = {
						CreatedOnToolsVersion = 7.2;
						DevelopmentTeam = TRV2MP5LUD;
						TestTargetID = 6846242F1C8E2BF20035F0A7;
					};
					684624531C8E2BF20035F0A7 = {
						CreatedOnToolsVersion = 7.2;
						DevelopmentTeam = TRV2MP5LUD;
						TestTargetID = 6846242F1C8E2BF20035F0A7;
					};
				};
			};
			buildConfigurationList = 6846242B1C8E2BF20035F0A7 /* Build configuration list for PBXProject "CustomUI" */;
			compatibilityVersion = "Xcode 3.2";
			developmentRegion = English;
			hasScannedForEncodings = 0;
			knownRegions = (
				en,
				Base,
			);
			mainGroup = 684624271C8E2BF20035F0A7;
			productRefGroup = 684624311C8E2BF20035F0A7 /* Products */;
			projectDirPath = "";
			projectRoot = "";
			targets = (
				6846242F1C8E2BF20035F0A7 /* CustomUI */,
				684624481C8E2BF20035F0A7 /* CustomUITests */,
				684624531C8E2BF20035F0A7 /* CustomUIUITests */,
			);
		};
/* End PBXProject section */

/* Begin PBXResourcesBuildPhase section */
		6846242E1C8E2BF20035F0A7 /* Resources */ = {
			isa = PBXResourcesBuildPhase;
			buildActionMask = 2147483647;
			files = (
				68DE343C1C8F58D500FE68C2 /* Minus.png in Resources */,
				68DE34381C8F58C500FE68C2 /* ListView.png in Resources */,
				684624431C8E2BF20035F0A7 /* LaunchScreen.storyboard in Resources */,
				68DE34341C8F588700FE68C2 /* Star-red.png in Resources */,
				68DE34311C8F588700FE68C2 /* Close-small.png in Resources */,
				68DE342F1C8F588700FE68C2 /* CheckBox-unselected.png in Resources */,
				68DE343B1C8F58D500FE68C2 /* Add.png in Resources */,
				68DE34301C8F588700FE68C2 /* CheckBox.png in Resources */,
				68DE34321C8F588700FE68C2 /* Close.png in Resources */,
				68DE34371C8F58C500FE68C2 /* ListView-unselected.png in Resources */,
				684624401C8E2BF20035F0A7 /* Assets.xcassets in Resources */,
				68DE34331C8F588700FE68C2 /* Star-grey.png in Resources */,
			);
			runOnlyForDeploymentPostprocessing = 0;
		};
		684624471C8E2BF20035F0A7 /* Resources */ = {
			isa = PBXResourcesBuildPhase;
			buildActionMask = 2147483647;
			files = (
			);
			runOnlyForDeploymentPostprocessing = 0;
		};
		684624521C8E2BF20035F0A7 /* Resources */ = {
			isa = PBXResourcesBuildPhase;
			buildActionMask = 2147483647;
			files = (
			);
			runOnlyForDeploymentPostprocessing = 0;
		};
/* End PBXResourcesBuildPhase section */

/* Begin PBXSourcesBuildPhase section */
		6846242C1C8E2BF20035F0A7 /* Sources */ = {
			isa = PBXSourcesBuildPhase;
			buildActionMask = 2147483647;
			files = (
				684624381C8E2BF20035F0A7 /* AppDelegate.m in Sources */,
				684624721C8E30EA0035F0A7 /* CommonViews.m in Sources */,
				684624681C8E2CC00035F0A7 /* CustomUIViewController.m in Sources */,
				68DE34271C8F57B200FE68C2 /* WZCheckBox.m in Sources */,
				6846246C1C8E2D460035F0A7 /* NSLayoutConstraint+convenience.m in Sources */,
				684624781C8F35AB0035F0A7 /* LabelWithCircle.m in Sources */,
				684624351C8E2BF20035F0A7 /* main.m in Sources */,
			);
			runOnlyForDeploymentPostprocessing = 0;
		};
		684624451C8E2BF20035F0A7 /* Sources */ = {
			isa = PBXSourcesBuildPhase;
			buildActionMask = 2147483647;
			files = (
				6846244E1C8E2BF20035F0A7 /* CustomUITests.m in Sources */,
			);
			runOnlyForDeploymentPostprocessing = 0;
		};
		684624501C8E2BF20035F0A7 /* Sources */ = {
			isa = PBXSourcesBuildPhase;
			buildActionMask = 2147483647;
			files = (
				684624591C8E2BF20035F0A7 /* CustomUIUITests.m in Sources */,
			);
			runOnlyForDeploymentPostprocessing = 0;
		};
/* End PBXSourcesBuildPhase section */

/* Begin PBXTargetDependency section */
		6846244B1C8E2BF20035F0A7 /* PBXTargetDependency */ = {
			isa = PBXTargetDependency;
			target = 6846242F1C8E2BF20035F0A7 /* CustomUI */;
			targetProxy = 6846244A1C8E2BF20035F0A7 /* PBXContainerItemProxy */;
		};
		684624561C8E2BF20035F0A7 /* PBXTargetDependency */ = {
			isa = PBXTargetDependency;
			target = 6846242F1C8E2BF20035F0A7 /* CustomUI */;
			targetProxy = 684624551C8E2BF20035F0A7 /* PBXContainerItemProxy */;
		};
/* End PBXTargetDependency section */

/* Begin PBXVariantGroup section */
		684624411C8E2BF20035F0A7 /* LaunchScreen.storyboard */ = {
			isa = PBXVariantGroup;
			children = (
				684624421C8E2BF20035F0A7 /* Base */,
			);
			name = LaunchScreen.storyboard;
			sourceTree = "<group>";
		};
/* End PBXVariantGroup section */

/* Begin XCBuildConfiguration section */
		6846245B1C8E2BF20035F0A7 /* Debug */ = {
			isa = XCBuildConfiguration;
			buildSettings = {
				ALWAYS_SEARCH_USER_PATHS = NO;
				CLANG_CXX_LANGUAGE_STANDARD = "gnu++0x";
				CLANG_CXX_LIBRARY = "libc++";
				CLANG_ENABLE_MODULES = YES;
				CLANG_ENABLE_OBJC_ARC = YES;
				CLANG_WARN_BOOL_CONVERSION = YES;
				CLANG_WARN_CONSTANT_CONVERSION = YES;
				CLANG_WARN_DIRECT_OBJC_ISA_USAGE = YES_ERROR;
				CLANG_WARN_EMPTY_BODY = YES;
				CLANG_WARN_ENUM_CONVERSION = YES;
				CLANG_WARN_INT_CONVERSION = YES;
				CLANG_WARN_OBJC_ROOT_CLASS = YES_ERROR;
				CLANG_WARN_UNREACHABLE_CODE = YES;
				CLANG_WARN__DUPLICATE_METHOD_MATCH = YES;
				"CODE_SIGN_IDENTITY[sdk=iphoneos*]" = "iPhone Developer";
				COPY_PHASE_STRIP = NO;
				DEBUG_INFORMATION_FORMAT = dwarf;
				ENABLE_STRICT_OBJC_MSGSEND = YES;
				ENABLE_TESTABILITY = YES;
				GCC_C_LANGUAGE_STANDARD = gnu99;
				GCC_DYNAMIC_NO_PIC = NO;
				GCC_NO_COMMON_BLOCKS = YES;
				GCC_OPTIMIZATION_LEVEL = 0;
				GCC_PREPROCESSOR_DEFINITIONS = (
					"DEBUG=1",
					"$(inherited)",
				);
				GCC_WARN_64_TO_32_BIT_CONVERSION = YES;
				GCC_WARN_ABOUT_RETURN_TYPE = YES_ERROR;
				GCC_WARN_UNDECLARED_SELECTOR = YES;
				GCC_WARN_UNINITIALIZED_AUTOS = YES_AGGRESSIVE;
				GCC_WARN_UNUSED_FUNCTION = YES;
				GCC_WARN_UNUSED_VARIABLE = YES;
				IPHONEOS_DEPLOYMENT_TARGET = 9.2;
				MTL_ENABLE_DEBUG_INFO = YES;
				ONLY_ACTIVE_ARCH = YES;
				SDKROOT = iphoneos;
				TARGETED_DEVICE_FAMILY = "1,2";
			};
			name = Debug;
		};
		6846245C1C8E2BF20035F0A7 /* Release */ = {
			isa = XCBuildConfiguration;
			buildSettings = {
				ALWAYS_SEARCH_USER_PATHS = NO;
				CLANG_CXX_LANGUAGE_STANDARD = "gnu++0x";
				CLANG_CXX_LIBRARY = "libc++";
				CLANG_ENABLE_MODULES = YES;
				CLANG_ENABLE_OBJC_ARC = YES;
				CLANG_WARN_BOOL_CONVERSION = YES;
				CLANG_WARN_CONSTANT_CONVERSION = YES;
				CLANG_WARN_DIRECT_OBJC_ISA_USAGE = YES_ERROR;
				CLANG_WARN_EMPTY_BODY = YES;
				CLANG_WARN_ENUM_CONVERSION = YES;
				CLANG_WARN_INT_CONVERSION = YES;
				CLANG_WARN_OBJC_ROOT_CLASS = YES_ERROR;
				CLANG_WARN_UNREACHABLE_CODE = YES;
				CLANG_WARN__DUPLICATE_METHOD_MATCH = YES;
				"CODE_SIGN_IDENTITY[sdk=iphoneos*]" = "iPhone Developer";
				COPY_PHASE_STRIP = NO;
				DEBUG_INFORMATION_FORMAT = "dwarf-with-dsym";
				ENABLE_NS_ASSERTIONS = NO;
				ENABLE_STRICT_OBJC_MSGSEND = YES;
				GCC_C_LANGUAGE_STANDARD = gnu99;
				GCC_NO_COMMON_BLOCKS = YES;
				GCC_WARN_64_TO_32_BIT_CONVERSION = YES;
				GCC_WARN_ABOUT_RETURN_TYPE = YES_ERROR;
				GCC_WARN_UNDECLARED_SELECTOR = YES;
				GCC_WARN_UNINITIALIZED_AUTOS = YES_AGGRESSIVE;
				GCC_WARN_UNUSED_FUNCTION = YES;
				GCC_WARN_UNUSED_VARIABLE = YES;
				IPHONEOS_DEPLOYMENT_TARGET = 9.2;
				MTL_ENABLE_DEBUG_INFO = NO;
				SDKROOT = iphoneos;
				TARGETED_DEVICE_FAMILY = "1,2";
				VALIDATE_PRODUCT = YES;
			};
			name = Release;
		};
		6846245E1C8E2BF20035F0A7 /* Debug */ = {
			isa = XCBuildConfiguration;
			buildSettings = {
				ASSETCATALOG_COMPILER_APPICON_NAME = AppIcon;
				INFOPLIST_FILE = CustomUI/Info.plist;
				LD_RUNPATH_SEARCH_PATHS = "$(inherited) @executable_path/Frameworks";
				PRODUCT_BUNDLE_IDENTIFIER = com.algorithm.CustomUI;
				PRODUCT_NAME = "$(TARGET_NAME)";
			};
			name = Debug;
		};
		6846245F1C8E2BF20035F0A7 /* Release */ = {
			isa = XCBuildConfiguration;
			buildSettings = {
				ASSETCATALOG_COMPILER_APPICON_NAME = AppIcon;
				INFOPLIST_FILE = CustomUI/Info.plist;
				LD_RUNPATH_SEARCH_PATHS = "$(inherited) @executable_path/Frameworks";
				PRODUCT_BUNDLE_IDENTIFIER = com.algorithm.CustomUI;
				PRODUCT_NAME = "$(TARGET_NAME)";
			};
			name = Release;
		};
		684624611C8E2BF20035F0A7 /* Debug */ = {
			isa = XCBuildConfiguration;
			buildSettings = {
				BUNDLE_LOADER = "$(TEST_HOST)";
				INFOPLIST_FILE = CustomUITests/Info.plist;
				LD_RUNPATH_SEARCH_PATHS = "$(inherited) @executable_path/Frameworks @loader_path/Frameworks";
				PRODUCT_BUNDLE_IDENTIFIER = com.algorithm.CustomUITests;
				PRODUCT_NAME = "$(TARGET_NAME)";
				TEST_HOST = "$(BUILT_PRODUCTS_DIR)/CustomUI.app/CustomUI";
			};
			name = Debug;
		};
		684624621C8E2BF20035F0A7 /* Release */ = {
			isa = XCBuildConfiguration;
			buildSettings = {
				BUNDLE_LOADER = "$(TEST_HOST)";
				INFOPLIST_FILE = CustomUITests/Info.plist;
				LD_RUNPATH_SEARCH_PATHS = "$(inherited) @executable_path/Frameworks @loader_path/Frameworks";
				PRODUCT_BUNDLE_IDENTIFIER = com.algorithm.CustomUITests;
				PRODUCT_NAME = "$(TARGET_NAME)";
				TEST_HOST = "$(BUILT_PRODUCTS_DIR)/CustomUI.app/CustomUI";
			};
			name = Release;
		};
		684624641C8E2BF20035F0A7 /* Debug */ = {
			isa = XCBuildConfiguration;
			buildSettings = {
				INFOPLIST_FILE = CustomUIUITests/Info.plist;
				LD_RUNPATH_SEARCH_PATHS = "$(inherited) @executable_path/Frameworks @loader_path/Frameworks";
				PRODUCT_BUNDLE_IDENTIFIER = com.algorithm.CustomUIUITests;
				PRODUCT_NAME = "$(TARGET_NAME)";
				TEST_TARGET_NAME = CustomUI;
				USES_XCTRUNNER = YES;
			};
			name = Debug;
		};
		684624651C8E2BF20035F0A7 /* Release */ = {
			isa = XCBuildConfiguration;
			buildSettings = {
				INFOPLIST_FILE = CustomUIUITests/Info.plist;
				LD_RUNPATH_SEARCH_PATHS = "$(inherited) @executable_path/Frameworks @loader_path/Frameworks";
				PRODUCT_BUNDLE_IDENTIFIER = com.algorithm.CustomUIUITests;
				PRODUCT_NAME = "$(TARGET_NAME)";
				TEST_TARGET_NAME = CustomUI;
				USES_XCTRUNNER = YES;
			};
			name = Release;
		};
/* End XCBuildConfiguration section */

/* Begin XCConfigurationList section */
		6846242B1C8E2BF20035F0A7 /* Build configuration list for PBXProject "CustomUI" */ = {
			isa = XCConfigurationList;
			buildConfigurations = (
				6846245B1C8E2BF20035F0A7 /* Debug */,
				6846245C1C8E2BF20035F0A7 /* Release */,
			);
			defaultConfigurationIsVisible = 0;
			defaultConfigurationName = Release;
		};
		6846245D1C8E2BF20035F0A7 /* Build configuration list for PBXNativeTarget "CustomUI" */ = {
			isa = XCConfigurationList;
			buildConfigurations = (
				6846245E1C8E2BF20035F0A7 /* Debug */,
				6846245F1C8E2BF20035F0A7 /* Release */,
			);
			defaultConfigurationIsVisible = 0;
			defaultConfigurationName = Release;
		};
		684624601C8E2BF20035F0A7 /* Build configuration list for PBXNativeTarget "CustomUITests" */ = {
			isa = XCConfigurationList;
			buildConfigurations = (
				684624611C8E2BF20035F0A7 /* Debug */,
				684624621C8E2BF20035F0A7 /* Release */,
			);
			defaultConfigurationIsVisible = 0;
			defaultConfigurationName = Release;
		};
		684624631C8E2BF20035F0A7 /* Build configuration list for PBXNativeTarget "CustomUIUITests" */ = {
			isa = XCConfigurationList;
			buildConfigurations = (
				684624641C8E2BF20035F0A7 /* Debug */,
				684624651C8E2BF20035F0A7 /* Release */,
			);
			defaultConfigurationIsVisible = 0;
			defaultConfigurationName = Release;
		};
/* End XCConfigurationList section */
	};
	rootObject = 684624281C8E2BF20035F0A7 /* Project object */;
}
